{
  "version": 4,
  "terraform_version": "1.14.6",
  "serial": 8,
  "lineage": "28910201-4096-ae67-fa74-8c977035a9b6",
  "outputs": {
    "server_ip": {
      "value": "18.185.59.44",
      "type": "string"
    }
  },
  "resources": [
    {
      "mode": "managed",
      "type": "aws_instance",
      "name": "vpn_server",
      "provider": "provider[\"registry.terraform.io/hashicorp/aws\"]",
      "instances": [
        {
          "schema_version": 2,
          "attributes": {
            "ami": "ami-05852c5f195d545ea",
            "arn": "arn:aws:ec2:eu-central-1:730883237057:instance/i-0f5293d3c3c4f0368",
            "associate_public_ip_address": true,
            "availability_zone": "eu-central-1b",
            "capacity_reservation_specification": [
              {
                "capacity_reservation_preference": "open",
                "capacity_reservation_target": []
              }
            ],
            "cpu_options": [
              {
                "amd_sev_snp": "",
                "core_count": 1,
                "nested_virtualization": "",
                "threads_per_core": 2
              }
            ],
            "credit_specification": [
              {
                "cpu_credits": "unlimited"
              }
            ],
            "disable_api_stop": false,
            "disable_api_termination": false,
            "ebs_block_device": [],
            "ebs_optimized": false,
            "enable_primary_ipv6": null,
            "enclave_options": [
              {
                "enabled": false
              }
            ],
            "ephemeral_block_device": [],
            "force_destroy": false,
            "get_password_data": false,
            "hibernation": false,
            "host_id": "",
            "host_resource_group_arn": null,
            "iam_instance_profile": "",
            "id": "i-0f5293d3c3c4f0368",
            "instance_initiated_shutdown_behavior": "stop",
            "instance_lifecycle": "",
            "instance_market_options": [],
            "instance_state": "running",
            "instance_type": "t3.micro",
            "ipv6_address_count": 0,
            "ipv6_addresses": [],
            "key_name": "vpn-deployer-key",
            "launch_template": [],
            "maintenance_options": [
              {
                "auto_recovery": "default"
              }
            ],
            "metadata_options": [
              {
                "http_endpoint": "enabled",
                "http_protocol_ipv6": "disabled",
                "http_put_response_hop_limit": 2,
                "http_tokens": "required",
                "instance_metadata_tags": "disabled"
              }
            ],
            "monitoring": false,
            "network_interface": [],
            "outpost_arn": "",
            "password_data": "",
            "placement_group": "",
            "placement_group_id": "",
            "placement_partition_number": 0,
            "primary_network_interface": [
              {
                "delete_on_termination": true,
                "network_interface_id": "eni-03f12a458be2652d7"
              }
            ],
            "primary_network_interface_id": "eni-03f12a458be2652d7",
            "private_dns": "ip-172-31-44-205.eu-central-1.compute.internal",
            "private_dns_name_options": [
              {
                "enable_resource_name_dns_a_record": false,
                "enable_resource_name_dns_aaaa_record": false,
                "hostname_type": "ip-name"
              }
            ],
            "private_ip": "172.31.44.205",
            "public_dns": "ec2-18-185-59-44.eu-central-1.compute.amazonaws.com",
            "public_ip": "18.185.59.44",
            "region": "eu-central-1",
            "root_block_device": [
              {
                "delete_on_termination": true,
                "device_name": "/dev/sda1",
                "encrypted": false,
                "iops": 3000,
                "kms_key_id": "",
                "tags": {},
                "tags_all": {},
                "throughput": 125,
                "volume_id": "vol-0ebdd017df7cc6318",
                "volume_size": 8,
                "volume_type": "gp3"
              }
            ],
            "secondary_network_interface": [],
            "secondary_private_ips": [],
            "security_groups": [
              "vpn-panel-sg"
            ],
            "source_dest_check": true,
            "spot_instance_request_id": "",
            "subnet_id": "subnet-0fd37b446da25fe79",
            "tags": {
              "Name": "VPN-3X-UI"
            },
            "tags_all": {
              "Name": "VPN-3X-UI"
            },
            "tenancy": "default",
            "timeouts": null,
            "user_data": null,
            "user_data_base64": null,
            "user_data_replace_on_change": false,
            "volume_tags": null,
            "vpc_security_group_ids": [
              "sg-02d44d05c3d795915"
            ]
          },
          "sensitive_attributes": [],
          "identity_schema_version": 0,
          "identity": {
            "account_id": "730883237057",
            "id": "i-0f5293d3c3c4f0368",
            "region": "eu-central-1"
          },
          "private": "eyJlMmJmYjczMC1lY2FhLTExZTYtOGY4OC0zNDM2M2JjN2M0YzAiOnsiY3JlYXRlIjo2MDAwMDAwMDAwMDAsImRlbGV0ZSI6MTIwMDAwMDAwMDAwMCwicmVhZCI6OTAwMDAwMDAwMDAwLCJ1cGRhdGUiOjYwMDAwMDAwMDAwMH0sInNjaGVtYV92ZXJzaW9uIjoiMiJ9",
          "dependencies": [
            "aws_key_pair.deployer",
            "aws_security_group.vpn_sg"
          ]
        }
      ]
    },
    {
      "mode": "managed",
      "type": "aws_key_pair",
      "name": "deployer",
      "provider": "provider[\"registry.terraform.io/hashicorp/aws\"]",
      "instances": [
        {
          "schema_version": 1,
          "attributes": {
            "arn": "arn:aws:ec2:eu-central-1:730883237057:key-pair/vpn-deployer-key",
            "fingerprint": "5d:ee:88:da:99:12:d2:f5:fb:fe:76:ba:21:d6:c9:3a",
            "id": "vpn-deployer-key",
            "key_name": "vpn-deployer-key",
            "key_name_prefix": "",
            "key_pair_id": "key-0f33485f7737619a3",
            "key_type": "rsa",
            "public_key": "ssh-rsa AAAAB3NzaC1yc2EAAAADAQABAAACAQDKrlCkkKYBClU52rySH37pJizKfIZkrrbbvP8759BiclYgj8So/BLzxtOb1J3MLWqPd0f0LW0RHoJK5ZzkbRWYo5yx26QK8RFNqfZPjwDSPukPHmI9S5br7QhYBk+WmHm7J6dk1DXWNwEmNnqpGfuuvGByhH3gwz28Au4xawiLepJiOro4yHjvvLLoKZkjo7kpbpu96kDAYWNEPyer3dh52wDWdPlNtoob7VbilXL/BIZfxnz35JcSJSRehE+lq1wgj2WTOFxoZpg4X5Wjq3Ld0fvk516oQpX4lo9BJ1Hkoqt+THaqPnpmUkbi+V/rrOdBDzkfnmWcQJqdGdtQMTf98zGVcEbsftmATsXX4RHiWiQUb0Pk2eMiZJ0zINkbcatiB+NCw4PJt+e0IaDeAKI0DlqzbNtxlN0IcezmomffRGV55bbYAKena3bWYndDi/Ioac3Xv7Q8JqKvu9u04GWd622Oauv9KJAwvtahZqErAXsy7+oeRCJD7X4zQSxxaboFJu4RNCX8iVGl1xXUoMPB+l20xTIGkVWL6S7SWRgsUUnYble76LzQEHvIqZbAF06KZF47d2P1yEU0LQ/e5HvEUWuagYTlk/3lI4QxhEuEa+cKqKJTZfEthlT4NJCJmUxdKszq7ORHjunj2I90WQJEc92/EqqGB0zKMfeb4U7Y1w== 38066@LAPTOP-SVAB7HVR",
            "region": "eu-central-1",
            "tags": {},
            "tags_all": {}
          },
          "sensitive_attributes": [],
          "identity_schema_version": 0,
          "private": "eyJzY2hlbWFfdmVyc2lvbiI6IjEifQ=="
        }
      ]
    },
    {
      "mode": "managed",
      "type": "aws_security_group",
      "name": "vpn_sg",
      "provider": "provider[\"registry.terraform.io/hashicorp/aws\"]",
      "instances": [
        {
          "schema_version": 1,
          "attributes": {
            "arn": "arn:aws:ec2:eu-central-1:730883237057:security-group/sg-02d44d05c3d795915",
            "description": "Security group for VPN and Panel",
            "egress": [
              {
                "cidr_blocks": [
                  "0.0.0.0/0"
                ],
                "description": "",
                "from_port": 0,
                "ipv6_cidr_blocks": [],
                "prefix_list_ids": [],
                "protocol": "-1",
                "security_groups": [],
                "self": false,
                "to_port": 0
              }
            ],
            "id": "sg-02d44d05c3d795915",
            "ingress": [
              {
                "cidr_blocks": [
                  "0.0.0.0/0"
                ],
                "description": "",
                "from_port": 2053,
                "ipv6_cidr_blocks": [],
                "prefix_list_ids": [],
                "protocol": "tcp",
                "security_groups": [],
                "self": false,
                "to_port": 2053
              },
              {
                "cidr_blocks": [
                  "0.0.0.0/0"
                ],
                "description": "",
                "from_port": 22,
                "ipv6_cidr_blocks": [],
                "prefix_list_ids": [],
                "protocol": "tcp",
                "security_groups": [],
                "self": false,
                "to_port": 22
              },
              {
                "cidr_blocks": [
                  "0.0.0.0/0"
                ],
                "description": "",
                "from_port": 80,
                "ipv6_cidr_blocks": [],
                "prefix_list_ids": [],
                "protocol": "tcp",
                "security_groups": [],
                "self": false,
                "to_port": 443
              }
            ],
            "name": "vpn-panel-sg",
            "name_prefix": "",
            "owner_id": "730883237057",
            "region": "eu-central-1",
            "revoke_rules_on_delete": false,
            "tags": {},
            "tags_all": {},
            "timeouts": null,
            "vpc_id": "vpc-03bbc16ce427aec0c"
          },
          "sensitive_attributes": [],
          "identity_schema_version": 0,
          "identity": {
            "account_id": "730883237057",
            "id": "sg-02d44d05c3d795915",
            "region": "eu-central-1"
          },
          "private": "eyJlMmJmYjczMC1lY2FhLTExZTYtOGY4OC0zNDM2M2JjN2M0YzAiOnsiY3JlYXRlIjo2MDAwMDAwMDAwMDAsImRlbGV0ZSI6OTAwMDAwMDAwMDAwfSwic2NoZW1hX3ZlcnNpb24iOiIxIn0="
        }
      ]
    }
  ],
  "check_results": null
}
